// !$*UTF8*$!
{
	archiveVersion = 1;
	classes = {
	};
	objectVersion = 55;
	objects = {

/* Begin PBXBuildFile section */
		79242C5F28C03ADD00766059 /* AppDelegate.swift in Sources */ = {isa = PBXBuildFile; fileRef = 79242C5E28C03ADD00766059 /* AppDelegate.swift */; };
		79242C6128C03ADD00766059 /* SceneDelegate.swift in Sources */ = {isa = PBXBuildFile; fileRef = 79242C6028C03ADD00766059 /* SceneDelegate.swift */; };
		79242C6328C03ADD00766059 /* PlaceSearchViewController.swift in Sources */ = {isa = PBXBuildFile; fileRef = 79242C6228C03ADD00766059 /* PlaceSearchViewController.swift */; };
		79242C6628C03ADD00766059 /* Main.storyboard in Resources */ = {isa = PBXBuildFile; fileRef = 79242C6428C03ADD00766059 /* Main.storyboard */; };
		79242C6828C03ADF00766059 /* Assets.xcassets in Resources */ = {isa = PBXBuildFile; fileRef = 79242C6728C03ADF00766059 /* Assets.xcassets */; };
		79242C6B28C03ADF00766059 /* LaunchScreen.storyboard in Resources */ = {isa = PBXBuildFile; fileRef = 79242C6928C03ADF00766059 /* LaunchScreen.storyboard */; };
		79290E0D28C080CF00439E38 /* PlaceSearchTableViewCell.swift in Sources */ = {isa = PBXBuildFile; fileRef = 79290E0B28C080CF00439E38 /* PlaceSearchTableViewCell.swift */; };
		79290E0E28C080CF00439E38 /* PlaceSearchTableViewCell.xib in Resources */ = {isa = PBXBuildFile; fileRef = 79290E0C28C080CF00439E38 /* PlaceSearchTableViewCell.xib */; };
		79290E1428C0943600439E38 /* MapKit.framework in Frameworks */ = {isa = PBXBuildFile; fileRef = 79290E1328C0943600439E38 /* MapKit.framework */; };
		7952AB1A28C03F5000607B77 /* TableViewAdapter.swift in Sources */ = {isa = PBXBuildFile; fileRef = 7952AB1928C03F5000607B77 /* TableViewAdapter.swift */; };
		7952AB2228C040CE00607B77 /* TableViewAdapterTests.swift in Sources */ = {isa = PBXBuildFile; fileRef = 7952AB2128C040CE00607B77 /* TableViewAdapterTests.swift */; };
		7952AB2A28C041FC00607B77 /* PlaceSearchViewModel.swift in Sources */ = {isa = PBXBuildFile; fileRef = 7952AB2928C041FC00607B77 /* PlaceSearchViewModel.swift */; };
		7952AB2D28C04E7100607B77 /* PlaceSearchTableViewCellRowModel.swift in Sources */ = {isa = PBXBuildFile; fileRef = 7952AB2C28C04E7100607B77 /* PlaceSearchTableViewCellRowModel.swift */; };
		7952AB3128C0509F00607B77 /* GetPlaceDataModel.swift in Sources */ = {isa = PBXBuildFile; fileRef = 7952AB3028C0509F00607B77 /* GetPlaceDataModel.swift */; };
		7952AB3328C0540100607B77 /* BaseViewModel.swift in Sources */ = {isa = PBXBuildFile; fileRef = 7952AB3228C0540100607B77 /* BaseViewModel.swift */; };
		7952AB3628C0552C00607B77 /* BaseRepository.swift in Sources */ = {isa = PBXBuildFile; fileRef = 7952AB3528C0552B00607B77 /* BaseRepository.swift */; };
		7952AB3A28C0563D00607B77 /* FoursquareRepository.swift in Sources */ = {isa = PBXBuildFile; fileRef = 7952AB3928C0563D00607B77 /* FoursquareRepository.swift */; };
		7952AB3D28C05CD400607B77 /* Encodable+.swift in Sources */ = {isa = PBXBuildFile; fileRef = 7952AB3C28C05CD400607B77 /* Encodable+.swift */; };
		7952AB3F28C0619E00607B77 /* PlaceSearchViewModelTests.swift in Sources */ = {isa = PBXBuildFile; fileRef = 7952AB3E28C0619E00607B77 /* PlaceSearchViewModelTests.swift */; };
		7952AB4228C0627A00607B77 /* XCTestCase+.swift in Sources */ = {isa = PBXBuildFile; fileRef = 7952AB4128C0627A00607B77 /* XCTestCase+.swift */; };
		7952AB4728C0642E00607B77 /* GetPlace_London.json in Resources */ = {isa = PBXBuildFile; fileRef = 7952AB4628C0642E00607B77 /* GetPlace_London.json */; };
/* End PBXBuildFile section */

/* Begin PBXContainerItemProxy section */
		7952AB2328C040CE00607B77 /* PBXContainerItemProxy */ = {
			isa = PBXContainerItemProxy;
			containerPortal = 79242C5328C03ADD00766059 /* Project object */;
			proxyType = 1;
			remoteGlobalIDString = 79242C5A28C03ADD00766059;
			remoteInfo = CoffeeMap;
		};
/* End PBXContainerItemProxy section */

/* Begin PBXFileReference section */
		79242C5B28C03ADD00766059 /* CoffeeMap.app */ = {isa = PBXFileReference; explicitFileType = wrapper.application; includeInIndex = 0; path = CoffeeMap.app; sourceTree = BUILT_PRODUCTS_DIR; };
		79242C5E28C03ADD00766059 /* AppDelegate.swift */ = {isa = PBXFileReference; lastKnownFileType = sourcecode.swift; path = AppDelegate.swift; sourceTree = "<group>"; };
		79242C6028C03ADD00766059 /* SceneDelegate.swift */ = {isa = PBXFileReference; lastKnownFileType = sourcecode.swift; path = SceneDelegate.swift; sourceTree = "<group>"; };
		79242C6228C03ADD00766059 /* PlaceSearchViewController.swift */ = {isa = PBXFileReference; lastKnownFileType = sourcecode.swift; path = PlaceSearchViewController.swift; sourceTree = "<group>"; };
		79242C6528C03ADD00766059 /* Base */ = {isa = PBXFileReference; lastKnownFileType = file.storyboard; name = Base; path = Base.lproj/Main.storyboard; sourceTree = "<group>"; };
		79242C6728C03ADF00766059 /* Assets.xcassets */ = {isa = PBXFileReference; lastKnownFileType = folder.assetcatalog; path = Assets.xcassets; sourceTree = "<group>"; };
		79242C6A28C03ADF00766059 /* Base */ = {isa = PBXFileReference; lastKnownFileType = file.storyboard; name = Base; path = Base.lproj/LaunchScreen.storyboard; sourceTree = "<group>"; };
		79242C6C28C03ADF00766059 /* Info.plist */ = {isa = PBXFileReference; lastKnownFileType = text.plist.xml; path = Info.plist; sourceTree = "<group>"; };
		79290E0B28C080CF00439E38 /* PlaceSearchTableViewCell.swift */ = {isa = PBXFileReference; lastKnownFileType = sourcecode.swift; path = PlaceSearchTableViewCell.swift; sourceTree = "<group>"; };
		79290E0C28C080CF00439E38 /* PlaceSearchTableViewCell.xib */ = {isa = PBXFileReference; lastKnownFileType = file.xib; path = PlaceSearchTableViewCell.xib; sourceTree = "<group>"; };
		79290E1328C0943600439E38 /* MapKit.framework */ = {isa = PBXFileReference; lastKnownFileType = wrapper.framework; name = MapKit.framework; path = System/Library/Frameworks/MapKit.framework; sourceTree = SDKROOT; };
		7952AB1928C03F5000607B77 /* TableViewAdapter.swift */ = {isa = PBXFileReference; lastKnownFileType = sourcecode.swift; path = TableViewAdapter.swift; sourceTree = "<group>"; };
		7952AB1F28C040CE00607B77 /* CoffeeMapTests.xctest */ = {isa = PBXFileReference; explicitFileType = wrapper.cfbundle; includeInIndex = 0; path = CoffeeMapTests.xctest; sourceTree = BUILT_PRODUCTS_DIR; };
		7952AB2128C040CE00607B77 /* TableViewAdapterTests.swift */ = {isa = PBXFileReference; lastKnownFileType = sourcecode.swift; path = TableViewAdapterTests.swift; sourceTree = "<group>"; };
		7952AB2928C041FC00607B77 /* PlaceSearchViewModel.swift */ = {isa = PBXFileReference; lastKnownFileType = sourcecode.swift; path = PlaceSearchViewModel.swift; sourceTree = "<group>"; };
		7952AB2C28C04E7100607B77 /* PlaceSearchTableViewCellRowModel.swift */ = {isa = PBXFileReference; lastKnownFileType = sourcecode.swift; path = PlaceSearchTableViewCellRowModel.swift; sourceTree = "<group>"; };
		7952AB3028C0509F00607B77 /* GetPlaceDataModel.swift */ = {isa = PBXFileReference; lastKnownFileType = sourcecode.swift; path = GetPlaceDataModel.swift; sourceTree = "<group>"; };
		7952AB3228C0540100607B77 /* BaseViewModel.swift */ = {isa = PBXFileReference; lastKnownFileType = sourcecode.swift; path = BaseViewModel.swift; sourceTree = "<group>"; };
		7952AB3528C0552B00607B77 /* BaseRepository.swift */ = {isa = PBXFileReference; lastKnownFileType = sourcecode.swift; path = BaseRepository.swift; sourceTree = "<group>"; };
		7952AB3928C0563D00607B77 /* FoursquareRepository.swift */ = {isa = PBXFileReference; lastKnownFileType = sourcecode.swift; path = FoursquareRepository.swift; sourceTree = "<group>"; };
		7952AB3C28C05CD400607B77 /* Encodable+.swift */ = {isa = PBXFileReference; lastKnownFileType = sourcecode.swift; path = "Encodable+.swift"; sourceTree = "<group>"; };
		7952AB3E28C0619E00607B77 /* PlaceSearchViewModelTests.swift */ = {isa = PBXFileReference; lastKnownFileType = sourcecode.swift; path = PlaceSearchViewModelTests.swift; sourceTree = "<group>"; };
		7952AB4128C0627A00607B77 /* XCTestCase+.swift */ = {isa = PBXFileReference; lastKnownFileType = sourcecode.swift; path = "XCTestCase+.swift"; sourceTree = "<group>"; };
		7952AB4628C0642E00607B77 /* GetPlace_London.json */ = {isa = PBXFileReference; lastKnownFileType = text.json; path = GetPlace_London.json; sourceTree = "<group>"; };
/* End PBXFileReference section */

/* Begin PBXFrameworksBuildPhase section */
		79242C5828C03ADD00766059 /* Frameworks */ = {
			isa = PBXFrameworksBuildPhase;
			buildActionMask = 2147483647;
			files = (
				79290E1428C0943600439E38 /* MapKit.framework in Frameworks */,
			);
			runOnlyForDeploymentPostprocessing = 0;
		};
		7952AB1C28C040CE00607B77 /* Frameworks */ = {
			isa = PBXFrameworksBuildPhase;
			buildActionMask = 2147483647;
			files = (
			);
			runOnlyForDeploymentPostprocessing = 0;
		};
/* End PBXFrameworksBuildPhase section */

/* Begin PBXGroup section */
		79242C5228C03ADD00766059 = {
			isa = PBXGroup;
			children = (
				79242C5D28C03ADD00766059 /* CoffeeMap */,
				7952AB2028C040CE00607B77 /* CoffeeMapTests */,
				79242C5C28C03ADD00766059 /* Products */,
				79290E1228C0943600439E38 /* Frameworks */,
			);
			sourceTree = "<group>";
		};
		79242C5C28C03ADD00766059 /* Products */ = {
			isa = PBXGroup;
			children = (
				79242C5B28C03ADD00766059 /* CoffeeMap.app */,
				7952AB1F28C040CE00607B77 /* CoffeeMapTests.xctest */,
			);
			name = Products;
			sourceTree = "<group>";
		};
		79242C5D28C03ADD00766059 /* CoffeeMap */ = {
			isa = PBXGroup;
			children = (
				7952AB3B28C05CBC00607B77 /* Util */,
				7952AB3428C0551400607B77 /* Repository */,
				7952AB2B28C04E5200607B77 /* Model */,
				7952AB1828C03F2600607B77 /* Adapter */,
				7952AB1728C03F1B00607B77 /* View */,
				7952AB2828C0411D00607B77 /* ViewModel */,
				79242C5E28C03ADD00766059 /* AppDelegate.swift */,
				79242C6028C03ADD00766059 /* SceneDelegate.swift */,
				79242C6728C03ADF00766059 /* Assets.xcassets */,
				79242C6928C03ADF00766059 /* LaunchScreen.storyboard */,
				79242C6C28C03ADF00766059 /* Info.plist */,
			);
			path = CoffeeMap;
			sourceTree = "<group>";
		};
		79290E0F28C080D300439E38 /* Cell */ = {
			isa = PBXGroup;
			children = (
				79290E0B28C080CF00439E38 /* PlaceSearchTableViewCell.swift */,
				79290E0C28C080CF00439E38 /* PlaceSearchTableViewCell.xib */,
			);
			path = Cell;
			sourceTree = "<group>";
		};
		79290E1228C0943600439E38 /* Frameworks */ = {
			isa = PBXGroup;
			children = (
				79290E1328C0943600439E38 /* MapKit.framework */,
			);
			name = Frameworks;
			sourceTree = "<group>";
		};
		7952AB1728C03F1B00607B77 /* View */ = {
			isa = PBXGroup;
			children = (
				79290E0F28C080D300439E38 /* Cell */,
				79242C6228C03ADD00766059 /* PlaceSearchViewController.swift */,
				79242C6428C03ADD00766059 /* Main.storyboard */,
			);
			path = View;
			sourceTree = "<group>";
		};
		7952AB1828C03F2600607B77 /* Adapter */ = {
			isa = PBXGroup;
			children = (
				7952AB1928C03F5000607B77 /* TableViewAdapter.swift */,
			);
			path = Adapter;
			sourceTree = "<group>";
		};
		7952AB2028C040CE00607B77 /* CoffeeMapTests */ = {
			isa = PBXGroup;
			children = (
				7952AB4028C0625F00607B77 /* Util */,
				7952AB4328C062FB00607B77 /* Stub */,
				7952AB2128C040CE00607B77 /* TableViewAdapterTests.swift */,
				7952AB3E28C0619E00607B77 /* PlaceSearchViewModelTests.swift */,
			);
			path = CoffeeMapTests;
			sourceTree = "<group>";
		};
		7952AB2828C0411D00607B77 /* ViewModel */ = {
			isa = PBXGroup;
			children = (
				7952AB3228C0540100607B77 /* BaseViewModel.swift */,
				7952AB2928C041FC00607B77 /* PlaceSearchViewModel.swift */,
			);
			path = ViewModel;
			sourceTree = "<group>";
		};
		7952AB2B28C04E5200607B77 /* Model */ = {
			isa = PBXGroup;
			children = (
				7952AB2C28C04E7100607B77 /* PlaceSearchTableViewCellRowModel.swift */,
				7952AB3028C0509F00607B77 /* GetPlaceDataModel.swift */,
			);
			path = Model;
			sourceTree = "<group>";
		};
		7952AB3428C0551400607B77 /* Repository */ = {
			isa = PBXGroup;
			children = (
				7952AB3528C0552B00607B77 /* BaseRepository.swift */,
				7952AB3928C0563D00607B77 /* FoursquareRepository.swift */,
			);
			path = Repository;
			sourceTree = "<group>";
		};
		7952AB3B28C05CBC00607B77 /* Util */ = {
			isa = PBXGroup;
			children = (
				7952AB3C28C05CD400607B77 /* Encodable+.swift */,
			);
			path = Util;
			sourceTree = "<group>";
		};
		7952AB4028C0625F00607B77 /* Util */ = {
			isa = PBXGroup;
			children = (
				7952AB4128C0627A00607B77 /* XCTestCase+.swift */,
			);
			path = Util;
			sourceTree = "<group>";
		};
		7952AB4328C062FB00607B77 /* Stub */ = {
			isa = PBXGroup;
			children = (
				7952AB4628C0642E00607B77 /* GetPlace_London.json */,
			);
			path = Stub;
			sourceTree = "<group>";
		};
/* End PBXGroup section */

/* Begin PBXNativeTarget section */
		79242C5A28C03ADD00766059 /* CoffeeMap */ = {
			isa = PBXNativeTarget;
			buildConfigurationList = 79242C6F28C03ADF00766059 /* Build configuration list for PBXNativeTarget "CoffeeMap" */;
			buildPhases = (
				79242C5728C03ADD00766059 /* Sources */,
				79242C5828C03ADD00766059 /* Frameworks */,
				79242C5928C03ADD00766059 /* Resources */,
			);
			buildRules = (
			);
			dependencies = (
			);
			name = CoffeeMap;
			productName = CoffeeMap;
			productReference = 79242C5B28C03ADD00766059 /* CoffeeMap.app */;
			productType = "com.apple.product-type.application";
		};
		7952AB1E28C040CE00607B77 /* CoffeeMapTests */ = {
			isa = PBXNativeTarget;
			buildConfigurationList = 7952AB2528C040CE00607B77 /* Build configuration list for PBXNativeTarget "CoffeeMapTests" */;
			buildPhases = (
				7952AB1B28C040CE00607B77 /* Sources */,
				7952AB1C28C040CE00607B77 /* Frameworks */,
				7952AB1D28C040CE00607B77 /* Resources */,
			);
			buildRules = (
			);
			dependencies = (
				7952AB2428C040CE00607B77 /* PBXTargetDependency */,
			);
			name = CoffeeMapTests;
			productName = CoffeeMapTests;
			productReference = 7952AB1F28C040CE00607B77 /* CoffeeMapTests.xctest */;
			productType = "com.apple.product-type.bundle.unit-test";
		};
/* End PBXNativeTarget section */

/* Begin PBXProject section */
		79242C5328C03ADD00766059 /* Project object */ = {
			isa = PBXProject;
			attributes = {
				BuildIndependentTargetsInParallel = 1;
				LastSwiftUpdateCheck = 1320;
				LastUpgradeCheck = 1320;
				TargetAttributes = {
					79242C5A28C03ADD00766059 = {
						CreatedOnToolsVersion = 13.2.1;
					};
					7952AB1E28C040CE00607B77 = {
						CreatedOnToolsVersion = 13.2.1;
						TestTargetID = 79242C5A28C03ADD00766059;
					};
				};
			};
			buildConfigurationList = 79242C5628C03ADD00766059 /* Build configuration list for PBXProject "CoffeeMap" */;
			compatibilityVersion = "Xcode 13.0";
			developmentRegion = en;
			hasScannedForEncodings = 0;
			knownRegions = (
				en,
				Base,
			);
			mainGroup = 79242C5228C03ADD00766059;
			productRefGroup = 79242C5C28C03ADD00766059 /* Products */;
			projectDirPath = "";
			projectRoot = "";
			targets = (
				79242C5A28C03ADD00766059 /* CoffeeMap */,
				7952AB1E28C040CE00607B77 /* CoffeeMapTests */,
			);
		};
/* End PBXProject section */

/* Begin PBXResourcesBuildPhase section */
		79242C5928C03ADD00766059 /* Resources */ = {
			isa = PBXResourcesBuildPhase;
			buildActionMask = 2147483647;
			files = (
				79242C6B28C03ADF00766059 /* LaunchScreen.storyboard in Resources */,
				79242C6828C03ADF00766059 /* Assets.xcassets in Resources */,
				79242C6628C03ADD00766059 /* Main.storyboard in Resources */,
				79290E0E28C080CF00439E38 /* PlaceSearchTableViewCell.xib in Resources */,
			);
			runOnlyForDeploymentPostprocessing = 0;
		};
		7952AB1D28C040CE00607B77 /* Resources */ = {
			isa = PBXResourcesBuildPhase;
			buildActionMask = 2147483647;
			files = (
				7952AB4728C0642E00607B77 /* GetPlace_London.json in Resources */,
			);
			runOnlyForDeploymentPostprocessing = 0;
		};
/* End PBXResourcesBuildPhase section */

/* Begin PBXSourcesBuildPhase section */
		79242C5728C03ADD00766059 /* Sources */ = {
			isa = PBXSourcesBuildPhase;
			buildActionMask = 2147483647;
			files = (
				7952AB3A28C0563D00607B77 /* FoursquareRepository.swift in Sources */,
				79242C6328C03ADD00766059 /* PlaceSearchViewController.swift in Sources */,
				7952AB2D28C04E7100607B77 /* PlaceSearchTableViewCellRowModel.swift in Sources */,
				7952AB1A28C03F5000607B77 /* TableViewAdapter.swift in Sources */,
				7952AB3628C0552C00607B77 /* BaseRepository.swift in Sources */,
				7952AB3D28C05CD400607B77 /* Encodable+.swift in Sources */,
				79242C5F28C03ADD00766059 /* AppDelegate.swift in Sources */,
				7952AB2A28C041FC00607B77 /* PlaceSearchViewModel.swift in Sources */,
				7952AB3328C0540100607B77 /* BaseViewModel.swift in Sources */,
				79242C6128C03ADD00766059 /* SceneDelegate.swift in Sources */,
				7952AB3128C0509F00607B77 /* GetPlaceDataModel.swift in Sources */,
				79290E0D28C080CF00439E38 /* PlaceSearchTableViewCell.swift in Sources */,
			);
			runOnlyForDeploymentPostprocessing = 0;
		};
		7952AB1B28C040CE00607B77 /* Sources */ = {
			isa = PBXSourcesBuildPhase;
			buildActionMask = 2147483647;
			files = (
				7952AB3F28C0619E00607B77 /* PlaceSearchViewModelTests.swift in Sources */,
				7952AB2228C040CE00607B77 /* TableViewAdapterTests.swift in Sources */,
				7952AB4228C0627A00607B77 /* XCTestCase+.swift in Sources */,
			);
			runOnlyForDeploymentPostprocessing = 0;
		};
/* End PBXSourcesBuildPhase section */

/* Begin PBXTargetDependency section */
		7952AB2428C040CE00607B77 /* PBXTargetDependency */ = {
			isa = PBXTargetDependency;
			target = 79242C5A28C03ADD00766059 /* CoffeeMap */;
			targetProxy = 7952AB2328C040CE00607B77 /* PBXContainerItemProxy */;
		};
/* End PBXTargetDependency section */

/* Begin PBXVariantGroup section */
		79242C6428C03ADD00766059 /* Main.storyboard */ = {
			isa = PBXVariantGroup;
			children = (
				79242C6528C03ADD00766059 /* Base */,
			);
			name = Main.storyboard;
			sourceTree = "<group>";
		};
		79242C6928C03ADF00766059 /* LaunchScreen.storyboard */ = {
			isa = PBXVariantGroup;
			children = (
				79242C6A28C03ADF00766059 /* Base */,
			);
			name = LaunchScreen.storyboard;
			sourceTree = "<group>";
		};
/* End PBXVariantGroup section */

/* Begin XCBuildConfiguration section */
		79242C6D28C03ADF00766059 /* Debug */ = {
			isa = XCBuildConfiguration;
			buildSettings = {
				ALWAYS_SEARCH_USER_PATHS = NO;
				CLANG_ANALYZER_NONNULL = YES;
				CLANG_ANALYZER_NUMBER_OBJECT_CONVERSION = YES_AGGRESSIVE;
				CLANG_CXX_LANGUAGE_STANDARD = "gnu++17";
				CLANG_CXX_LIBRARY = "libc++";
				CLANG_ENABLE_MODULES = YES;
				CLANG_ENABLE_OBJC_ARC = YES;
				CLANG_ENABLE_OBJC_WEAK = YES;
				CLANG_WARN_BLOCK_CAPTURE_AUTORELEASING = YES;
				CLANG_WARN_BOOL_CONVERSION = YES;
				CLANG_WARN_COMMA = YES;
				CLANG_WARN_CONSTANT_CONVERSION = YES;
				CLANG_WARN_DEPRECATED_OBJC_IMPLEMENTATIONS = YES;
				CLANG_WARN_DIRECT_OBJC_ISA_USAGE = YES_ERROR;
				CLANG_WARN_DOCUMENTATION_COMMENTS = YES;
				CLANG_WARN_EMPTY_BODY = YES;
				CLANG_WARN_ENUM_CONVERSION = YES;
				CLANG_WARN_INFINITE_RECURSION = YES;
				CLANG_WARN_INT_CONVERSION = YES;
				CLANG_WARN_NON_LITERAL_NULL_CONVERSION = YES;
				CLANG_WARN_OBJC_IMPLICIT_RETAIN_SELF = YES;
				CLANG_WARN_OBJC_LITERAL_CONVERSION = YES;
				CLANG_WARN_OBJC_ROOT_CLASS = YES_ERROR;
				CLANG_WARN_QUOTED_INCLUDE_IN_FRAMEWORK_HEADER = YES;
				CLANG_WARN_RANGE_LOOP_ANALYSIS = YES;
				CLANG_WARN_STRICT_PROTOTYPES = YES;
				CLANG_WARN_SUSPICIOUS_MOVE = YES;
				CLANG_WARN_UNGUARDED_AVAILABILITY = YES_AGGRESSIVE;
				CLANG_WARN_UNREACHABLE_CODE = YES;
				CLANG_WARN__DUPLICATE_METHOD_MATCH = YES;
				COPY_PHASE_STRIP = NO;
				DEBUG_INFORMATION_FORMAT = dwarf;
				ENABLE_STRICT_OBJC_MSGSEND = YES;
				ENABLE_TESTABILITY = YES;
				GCC_C_LANGUAGE_STANDARD = gnu11;
				GCC_DYNAMIC_NO_PIC = NO;
				GCC_NO_COMMON_BLOCKS = YES;
				GCC_OPTIMIZATION_LEVEL = 0;
				GCC_PREPROCESSOR_DEFINITIONS = (
					"DEBUG=1",
					"$(inherited)",
				);
				GCC_WARN_64_TO_32_BIT_CONVERSION = YES;
				GCC_WARN_ABOUT_RETURN_TYPE = YES_ERROR;
				GCC_WARN_UNDECLARED_SELECTOR = YES;
				GCC_WARN_UNINITIALIZED_AUTOS = YES_AGGRESSIVE;
				GCC_WARN_UNUSED_FUNCTION = YES;
				GCC_WARN_UNUSED_VARIABLE = YES;
				IPHONEOS_DEPLOYMENT_TARGET = 15.2;
				MTL_ENABLE_DEBUG_INFO = INCLUDE_SOURCE;
				MTL_FAST_MATH = YES;
				ONLY_ACTIVE_ARCH = YES;
				SDKROOT = iphoneos;
				SWIFT_ACTIVE_COMPILATION_CONDITIONS = DEBUG;
				SWIFT_OPTIMIZATION_LEVEL = "-Onone";
			};
			name = Debug;
		};
		79242C6E28C03ADF00766059 /* Release */ = {
			isa = XCBuildConfiguration;
			buildSettings = {
				ALWAYS_SEARCH_USER_PATHS = NO;
				CLANG_ANALYZER_NONNULL = YES;
				CLANG_ANALYZER_NUMBER_OBJECT_CONVERSION = YES_AGGRESSIVE;
				CLANG_CXX_LANGUAGE_STANDARD = "gnu++17";
				CLANG_CXX_LIBRARY = "libc++";
				CLANG_ENABLE_MODULES = YES;
				CLANG_ENABLE_OBJC_ARC = YES;
				CLANG_ENABLE_OBJC_WEAK = YES;
				CLANG_WARN_BLOCK_CAPTURE_AUTORELEASING = YES;
				CLANG_WARN_BOOL_CONVERSION = YES;
				CLANG_WARN_COMMA = YES;
				CLANG_WARN_CONSTANT_CONVERSION = YES;
				CLANG_WARN_DEPRECATED_OBJC_IMPLEMENTATIONS = YES;
				CLANG_WARN_DIRECT_OBJC_ISA_USAGE = YES_ERROR;
				CLANG_WARN_DOCUMENTATION_COMMENTS = YES;
				CLANG_WARN_EMPTY_BODY = YES;
				CLANG_WARN_ENUM_CONVERSION = YES;
				CLANG_WARN_INFINITE_RECURSION = YES;
				CLANG_WARN_INT_CONVERSION = YES;
				CLANG_WARN_NON_LITERAL_NULL_CONVERSION = YES;
				CLANG_WARN_OBJC_IMPLICIT_RETAIN_SELF = YES;
				CLANG_WARN_OBJC_LITERAL_CONVERSION = YES;
				CLANG_WARN_OBJC_ROOT_CLASS = YES_ERROR;
				CLANG_WARN_QUOTED_INCLUDE_IN_FRAMEWORK_HEADER = YES;
				CLANG_WARN_RANGE_LOOP_ANALYSIS = YES;
				CLANG_WARN_STRICT_PROTOTYPES = YES;
				CLANG_WARN_SUSPICIOUS_MOVE = YES;
				CLANG_WARN_UNGUARDED_AVAILABILITY = YES_AGGRESSIVE;
				CLANG_WARN_UNREACHABLE_CODE = YES;
				CLANG_WARN__DUPLICATE_METHOD_MATCH = YES;
				COPY_PHASE_STRIP = NO;
				DEBUG_INFORMATION_FORMAT = "dwarf-with-dsym";
				ENABLE_NS_ASSERTIONS = NO;
				ENABLE_STRICT_OBJC_MSGSEND = YES;
				GCC_C_LANGUAGE_STANDARD = gnu11;
				GCC_NO_COMMON_BLOCKS = YES;
				GCC_WARN_64_TO_32_BIT_CONVERSION = YES;
				GCC_WARN_ABOUT_RETURN_TYPE = YES_ERROR;
				GCC_WARN_UNDECLARED_SELECTOR = YES;
				GCC_WARN_UNINITIALIZED_AUTOS = YES_AGGRESSIVE;
				GCC_WARN_UNUSED_FUNCTION = YES;
				GCC_WARN_UNUSED_VARIABLE = YES;
				IPHONEOS_DEPLOYMENT_TARGET = 15.2;
				MTL_ENABLE_DEBUG_INFO = NO;
				MTL_FAST_MATH = YES;
				SDKROOT = iphoneos;
				SWIFT_COMPILATION_MODE = wholemodule;
				SWIFT_OPTIMIZATION_LEVEL = "-O";
				VALIDATE_PRODUCT = YES;
			};
			name = Release;
		};
		79242C7028C03ADF00766059 /* Debug */ = {
			isa = XCBuildConfiguration;
			buildSettings = {
				ASSETCATALOG_COMPILER_APPICON_NAME = AppIcon;
				ASSETCATALOG_COMPILER_GLOBAL_ACCENT_COLOR_NAME = AccentColor;
				CODE_SIGN_STYLE = Automatic;
				CURRENT_PROJECT_VERSION = 1;
				DEVELOPMENT_TEAM = 7QN4P34VRJ;
				GENERATE_INFOPLIST_FILE = YES;
				INFOPLIST_FILE = CoffeeMap/Info.plist;
				INFOPLIST_KEY_UIApplicationSupportsIndirectInputEvents = YES;
				INFOPLIST_KEY_UILaunchStoryboardName = LaunchScreen;
				INFOPLIST_KEY_UIMainStoryboardFile = Main;
				INFOPLIST_KEY_UISupportedInterfaceOrientations_iPad = "UIInterfaceOrientationPortrait UIInterfaceOrientationPortraitUpsideDown UIInterfaceOrientationLandscapeLeft UIInterfaceOrientationLandscapeRight";
				INFOPLIST_KEY_UISupportedInterfaceOrientations_iPhone = "UIInterfaceOrientationPortrait UIInterfaceOrientationLandscapeLeft UIInterfaceOrientationLandscapeRight";
				LD_RUNPATH_SEARCH_PATHS = (
					"$(inherited)",
					"@executable_path/Frameworks",
				);
				MARKETING_VERSION = 1.0;
				PRODUCT_BUNDLE_IDENTIFIER = owenkao.CoffeeMap;
				PRODUCT_NAME = "$(TARGET_NAME)";
				SWIFT_EMIT_LOC_STRINGS = YES;
				SWIFT_VERSION = 5.0;
				TARGETED_DEVICE_FAMILY = "1,2";
			};
			name = Debug;
		};
		79242C7128C03ADF00766059 /* Release */ = {
			isa = XCBuildConfiguration;
			buildSettings = {
				ASSETCATALOG_COMPILER_APPICON_NAME = AppIcon;
				ASSETCATALOG_COMPILER_GLOBAL_ACCENT_COLOR_NAME = AccentColor;
				CODE_SIGN_STYLE = Automatic;
				CURRENT_PROJECT_VERSION = 1;
				DEVELOPMENT_TEAM = 7QN4P34VRJ;
				GENERATE_INFOPLIST_FILE = YES;
				INFOPLIST_FILE = CoffeeMap/Info.plist;
				INFOPLIST_KEY_UIApplicationSupportsIndirectInputEvents = YES;
				INFOPLIST_KEY_UILaunchStoryboardName = LaunchScreen;
				INFOPLIST_KEY_UIMainStoryboardFile = Main;
				INFOPLIST_KEY_UISupportedInterfaceOrientations_iPad = "UIInterfaceOrientationPortrait UIInterfaceOrientationPortraitUpsideDown UIInterfaceOrientationLandscapeLeft UIInterfaceOrientationLandscapeRight";
				INFOPLIST_KEY_UISupportedInterfaceOrientations_iPhone = "UIInterfaceOrientationPortrait UIInterfaceOrientationLandscapeLeft UIInterfaceOrientationLandscapeRight";
				LD_RUNPATH_SEARCH_PATHS = (
					"$(inherited)",
					"@executable_path/Frameworks",
				);
				MARKETING_VERSION = 1.0;
				PRODUCT_BUNDLE_IDENTIFIER = owenkao.CoffeeMap;
				PRODUCT_NAME = "$(TARGET_NAME)";
				SWIFT_EMIT_LOC_STRINGS = YES;
				SWIFT_VERSION = 5.0;
				TARGETED_DEVICE_FAMILY = "1,2";
			};
			name = Release;
		};
		7952AB2628C040CE00607B77 /* Debug */ = {
			isa = XCBuildConfiguration;
			buildSettings = {
				BUNDLE_LOADER = "$(TEST_HOST)";
				CODE_SIGN_STYLE = Automatic;
				CURRENT_PROJECT_VERSION = 1;
				DEVELOPMENT_TEAM = 7QN4P34VRJ;
				GENERATE_INFOPLIST_FILE = YES;
				MARKETING_VERSION = 1.0;
				PRODUCT_BUNDLE_IDENTIFIER = owenkao.CoffeeMapTests;
				PRODUCT_NAME = "$(TARGET_NAME)";
				SWIFT_EMIT_LOC_STRINGS = NO;
				SWIFT_VERSION = 5.0;
				TARGETED_DEVICE_FAMILY = "1,2";
				TEST_HOST = "$(BUILT_PRODUCTS_DIR)/CoffeeMap.app/CoffeeMap";
			};
			name = Debug;
		};
		7952AB2728C040CE00607B77 /* Release */ = {
			isa = XCBuildConfiguration;
			buildSettings = {
				BUNDLE_LOADER = "$(TEST_HOST)";
				CODE_SIGN_STYLE = Automatic;
				CURRENT_PROJECT_VERSION = 1;
				DEVELOPMENT_TEAM = 7QN4P34VRJ;
				GENERATE_INFOPLIST_FILE = YES;
				MARKETING_VERSION = 1.0;
				PRODUCT_BUNDLE_IDENTIFIER = owenkao.CoffeeMapTests;
				PRODUCT_NAME = "$(TARGET_NAME)";
				SWIFT_EMIT_LOC_STRINGS = NO;
				SWIFT_VERSION = 5.0;
				TARGETED_DEVICE_FAMILY = "1,2";
				TEST_HOST = "$(BUILT_PRODUCTS_DIR)/CoffeeMap.app/CoffeeMap";
			};
			name = Release;
		};
/* End XCBuildConfiguration section */

/* Begin XCConfigurationList section */
		79242C5628C03ADD00766059 /* Build configuration list for PBXProject "CoffeeMap" */ = {
			isa = XCConfigurationList;
			buildConfigurations = (
				79242C6D28C03ADF00766059 /* Debug */,
				79242C6E28C03ADF00766059 /* Release */,
			);
			defaultConfigurationIsVisible = 0;
			defaultConfigurationName = Release;
		};
		79242C6F28C03ADF00766059 /* Build configuration list for PBXNativeTarget "CoffeeMap" */ = {
			isa = XCConfigurationList;
			buildConfigurations = (
				79242C7028C03ADF00766059 /* Debug */,
				79242C7128C03ADF00766059 /* Release */,
			);
			defaultConfigurationIsVisible = 0;
			defaultConfigurationName = Release;
		};
		7952AB2528C040CE00607B77 /* Build configuration list for PBXNativeTarget "CoffeeMapTests" */ = {
			isa = XCConfigurationList;
			buildConfigurations = (
				7952AB2628C040CE00607B77 /* Debug */,
				7952AB2728C040CE00607B77 /* Release */,
			);
			defaultConfigurationIsVisible = 0;
			defaultConfigurationName = Release;
		};
/* End XCConfigurationList section */
	};
	rootObject = 79242C5328C03ADD00766059 /* Project object */;
}
